
Microsoft Visual Studio Solution File, Format Version 12.00
# Visual Studio Version 17
VisualStudioVersion = 17.3.32804.467
MinimumVisualStudioVersion = 10.0.40219.1
Project("{FAE04EC0-301F-11D3-BF4B-00C04F79EFBC}") = "ap_urunTakip_win", "ap_urunTakip_win\ap_urunTakip_win.csproj", "{61D786A0-7F0C-4DBE-B27C-2B9BD4422310}"
EndProject
Global
	GlobalSection(SolutionConfigurationPlatforms) = preSolution
		Debug|Any CPU = Debug|Any CPU
		Release|Any CPU = Release|Any CPU
	EndGlobalSection
	GlobalSection(ProjectConfigurationPlatforms) = postSolution
		{61D786A0-7F0C-4DBE-B27C-2B9BD4422310}.Debug|Any CPU.ActiveCfg = Debug|Any CPU
		{61D786A0-7F0C-4DBE-B27C-2B9BD4422310}.Debug|Any CPU.Build.0 = Debug|Any CPU
		{61D786A0-7F0C-4DBE-B27C-2B9BD4422310}.Release|Any CPU.ActiveCfg = Release|Any CPU
		{61D786A0-7F0C-4DBE-B27C-2B9BD4422310}.Release|Any CPU.Build.0 = Release|Any CPU
	EndGlobalSection
	GlobalSection(SolutionProperties) = preSolution
		HideSolutionNode = FALSE
	EndGlobalSection
	GlobalSection(ExtensibilityGlobals) = postSolution
		SolutionGuid = {163BFE63-D1C2-4549-B5CA-E4245D1C3320}
	EndGlobalSection
EndGlobal
